
Microsoft Visual Studio Solution File, Format Version 11.00
# Visual Studio 2010
Project("{FAE04EC0-301F-11D3-BF4B-00C04F79EFBC}") = "Assembly-CSharp", "Assembly-CSharp.csproj", "{5E6F718D-A6BF-EACA-E59A-987FDCB15F59}"
EndProject
Project("{FAE04EC0-301F-11D3-BF4B-00C04F79EFBC}") = "Assembly-CSharp-Editor", "Assembly-CSharp-Editor.csproj", "{63565A34-8830-2247-5C1A-0C9CBD586E44}"
EndProject
Global
	GlobalSection(SolutionConfigurationPlatforms) = preSolution
		Debug|Any CPU = Debug|Any CPU
		Release|Any CPU = Release|Any CPU
	EndGlobalSection
	GlobalSection(ProjectConfigurationPlatforms) = postSolution
		{5E6F718D-A6BF-EACA-E59A-987FDCB15F59}.Debug|Any CPU.ActiveCfg = Debug|Any CPU
		{5E6F718D-A6BF-EACA-E59A-987FDCB15F59}.Debug|Any CPU.Build.0 = Debug|Any CPU
		{5E6F718D-A6BF-EACA-E59A-987FDCB15F59}.Release|Any CPU.ActiveCfg = Release|Any CPU
		{5E6F718D-A6BF-EACA-E59A-987FDCB15F59}.Release|Any CPU.Build.0 = Release|Any CPU
		{63565A34-8830-2247-5C1A-0C9CBD586E44}.Debug|Any CPU.ActiveCfg = Debug|Any CPU
		{63565A34-8830-2247-5C1A-0C9CBD586E44}.Debug|Any CPU.Build.0 = Debug|Any CPU
		{63565A34-8830-2247-5C1A-0C9CBD586E44}.Release|Any CPU.ActiveCfg = Release|Any CPU
		{63565A34-8830-2247-5C1A-0C9CBD586E44}.Release|Any CPU.Build.0 = Release|Any CPU
	EndGlobalSection
	GlobalSection(SolutionProperties) = preSolution
		HideSolutionNode = FALSE
	EndGlobalSection
	GlobalSection(MonoDevelopProperties) = preSolution
		StartupItem = Assembly-CSharp.csproj
	EndGlobalSection
EndGlobal
